
Microsoft Visual Studio Solution File, Format Version 12.00
# Visual Studio Version 17
VisualStudioVersion = 17.5.002.0
MinimumVisualStudioVersion = 10.0.40219.1
Project("{9A19103F-16F7-4668-BE54-9A1E7A4F7556}") = "CorridaInfinita", "CorridaInfinita\CorridaInfinita.csproj", "{B2F5018E-F08A-45D9-AAAF-B3CC43B0369F}"
EndProject
Global
	GlobalSection(SolutionConfigurationPlatforms) = preSolution
		Debug|Any CPU = Debug|Any CPU
		Release|Any CPU = Release|Any CPU
	EndGlobalSection
	GlobalSection(ProjectConfigurationPlatforms) = postSolution
		{B2F5018E-F08A-45D9-AAAF-B3CC43B0369F}.Debug|Any CPU.ActiveCfg = Debug|Any CPU
		{B2F5018E-F08A-45D9-AAAF-B3CC43B0369F}.Debug|Any CPU.Build.0 = Debug|Any CPU
		{B2F5018E-F08A-45D9-AAAF-B3CC43B0369F}.Release|Any CPU.ActiveCfg = Release|Any CPU
		{B2F5018E-F08A-45D9-AAAF-B3CC43B0369F}.Release|Any CPU.Build.0 = Release|Any CPU
	EndGlobalSection
	GlobalSection(SolutionProperties) = preSolution
		HideSolutionNode = FALSE
	EndGlobalSection
	GlobalSection(ExtensibilityGlobals) = postSolution
		SolutionGuid = {5F9635C1-EC36-4188-BA1A-DC794E30523E}
	EndGlobalSection
EndGlobal
